
Microsoft Visual Studio Solution File, Format Version 12.00
# Visual Studio Version 16
VisualStudioVersion = 16.0.29728.190
MinimumVisualStudioVersion = 10.0.40219.1
Project("{9A19103F-16F7-4668-BE54-9A1E7A4F7556}") = "ClashOfClans", "ClashOfClans\ClashOfClans.csproj", "{3849C67A-DD91-4A60-9E34-E0C71F6612BB}"
EndProject
Global
	GlobalSection(SolutionConfigurationPlatforms) = preSolution
		Debug|Any CPU = Debug|Any CPU
		Release|Any CPU = Release|Any CPU
	EndGlobalSection
	GlobalSection(ProjectConfigurationPlatforms) = postSolution
		{3849C67A-DD91-4A60-9E34-E0C71F6612BB}.Debug|Any CPU.ActiveCfg = Debug|Any CPU
		{3849C67A-DD91-4A60-9E34-E0C71F6612BB}.Debug|Any CPU.Build.0 = Debug|Any CPU
		{3849C67A-DD91-4A60-9E34-E0C71F6612BB}.Release|Any CPU.ActiveCfg = Release|Any CPU
		{3849C67A-DD91-4A60-9E34-E0C71F6612BB}.Release|Any CPU.Build.0 = Release|Any CPU
	EndGlobalSection
	GlobalSection(SolutionProperties) = preSolution
		HideSolutionNode = FALSE
	EndGlobalSection
	GlobalSection(ExtensibilityGlobals) = postSolution
		SolutionGuid = {0FDDC747-3F49-4580-B09B-8563276BDAC5}
	EndGlobalSection
EndGlobal
